{
  "version": 4,
  "terraform_version": "1.15.8",
  "serial": 3,
  "lineage": "4783a9d0-7325-e422-bf2e-5e7c50b67933",
  "outputs": {},
  "resources": [
    {
      "mode": "managed",
      "type": "helm_release",
      "name": "marketplace",
      "provider": "provider[\"registry.terraform.io/hashicorp/helm\"]",
      "instances": [
        {
          "status": "tainted",
          "schema_version": 1,
          "attributes": {
            "atomic": false,
            "chart": "../helm/marketplace",
            "cleanup_on_fail": false,
            "create_namespace": false,
            "dependency_update": false,
            "description": null,
            "devel": null,
            "disable_crd_hooks": false,
            "disable_openapi_validation": false,
            "disable_webhooks": false,
            "force_update": false,
            "id": "marketplace-tf-release",
            "keyring": null,
            "lint": false,
            "manifest": null,
            "max_history": 0,
            "metadata": [
              {
                "app_version": "1.0.0",
                "chart": "marketplace",
                "name": "marketplace-tf-release",
                "namespace": "marketplace-tf",
                "revision": 1,
                "values": "{\"catalog\":{\"image\":{\"name\":\"marketplace-catalog-service\",\"pullPolicy\":\"Always\",\"tag\":\"latest\"},\"replicaCount\":1,\"service\":{\"port\":8080}},\"global\":{\"repositoryPrefix\":\"dajiw\"},\"ingress\":{\"className\":\"nginx\",\"enabled\":true},\"order\":{\"image\":{\"name\":\"marketplace-order-service\",\"pullPolicy\":\"Always\",\"tag\":\"latest\"},\"replicaCount\":1,\"service\":{\"port\":8081}}}",
                "version": "0.1.0"
              }
            ],
            "name": "marketplace-tf-release",
            "namespace": "marketplace-tf",
            "pass_credentials": false,
            "postrender": [],
            "recreate_pods": false,
            "render_subchart_notes": true,
            "replace": false,
            "repository": null,
            "repository_ca_file": null,
            "repository_cert_file": null,
            "repository_key_file": null,
            "repository_password": null,
            "repository_username": null,
            "reset_values": false,
            "reuse_values": false,
            "set": [],
            "set_list": [],
            "set_sensitive": [],
            "skip_crds": false,
            "status": "failed",
            "timeout": 300,
            "values": [
              "global:\n  repositoryPrefix: dajiw\n\ncatalog:\n  replicaCount: 1\n  image:\n    name: marketplace-catalog-service\n    tag: latest\n    pullPolicy: Always\n  service:\n    port: 8080\n\norder:\n  replicaCount: 1\n  image:\n    name: marketplace-order-service\n    tag: latest\n    pullPolicy: Always\n  service:\n    port: 8081\n\ningress:\n  enabled: true\n  className: nginx"
            ],
            "verify": false,
            "version": "0.1.0",
            "wait": true,
            "wait_for_jobs": false
          },
          "sensitive_attributes": [
            [
              {
                "type": "get_attr",
                "value": "repository_password"
              }
            ]
          ],
          "identity_schema_version": 0,
          "private": "eyJzY2hlbWFfdmVyc2lvbiI6IjEifQ==",
          "dependencies": [
            "kubernetes_namespace.marketplace_tf"
          ]
        }
      ]
    },
    {
      "mode": "managed",
      "type": "kubernetes_namespace",
      "name": "marketplace_tf",
      "provider": "provider[\"registry.terraform.io/hashicorp/kubernetes\"]",
      "instances": [
        {
          "schema_version": 0,
          "attributes": {
            "id": "marketplace-tf",
            "metadata": [
              {
                "annotations": null,
                "generate_name": "",
                "generation": 0,
                "labels": null,
                "name": "marketplace-tf",
                "resource_version": "6476",
                "uid": "b34e1ecd-ba4c-47a1-8a70-a2878a3cfea5"
              }
            ],
            "timeouts": null,
            "wait_for_default_service_account": false
          },
          "sensitive_attributes": [],
          "identity_schema_version": 0,
          "private": "eyJlMmJmYjczMC1lY2FhLTExZTYtOGY4OC0zNDM2M2JjN2M0YzAiOnsiZGVsZXRlIjozMDAwMDAwMDAwMDB9fQ=="
        }
      ]
    }
  ],
  "check_results": null
}
